
Microsoft Visual Studio Solution File, Format Version 12.00
# Visual Studio Version 17
VisualStudioVersion = 17.6.33815.320
MinimumVisualStudioVersion = 10.0.40219.1
Project("{9A19103F-16F7-4668-BE54-9A1E7A4F7556}") = "AsposePdfLib", "AsposePdfLib.csproj", "{D08B5F75-B05B-4D81-971D-FCFA4AC496F2}"
EndProject
Global
	GlobalSection(SolutionConfigurationPlatforms) = preSolution
		Debug|Any CPU = Debug|Any CPU
		Release|Any CPU = Release|Any CPU
	EndGlobalSection
	GlobalSection(ProjectConfigurationPlatforms) = postSolution
		{D08B5F75-B05B-4D81-971D-FCFA4AC496F2}.Debug|Any CPU.ActiveCfg = Debug|Any CPU
		{D08B5F75-B05B-4D81-971D-FCFA4AC496F2}.Debug|Any CPU.Build.0 = Debug|Any CPU
		{D08B5F75-B05B-4D81-971D-FCFA4AC496F2}.Release|Any CPU.ActiveCfg = Release|Any CPU
		{D08B5F75-B05B-4D81-971D-FCFA4AC496F2}.Release|Any CPU.Build.0 = Release|Any CPU
	EndGlobalSection
	GlobalSection(SolutionProperties) = preSolution
		HideSolutionNode = FALSE
	EndGlobalSection
	GlobalSection(ExtensibilityGlobals) = postSolution
		SolutionGuid = {98E6DA6C-C9F9-4E0C-B37A-2554E2FDB18A}
	EndGlobalSection
EndGlobal
